
Microsoft Visual Studio Solution File, Format Version 12.00
# Visual Studio 14
VisualStudioVersion = 14.0.25123.0
MinimumVisualStudioVersion = 10.0.40219.1
Project("{FAE04EC0-301F-11D3-BF4B-00C04F79EFBC}") = "0.IntroToCsharp", "0.IntroToCsharp\0.IntroToCsharp.csproj", "{AAF18506-78F8-4F70-8F1A-F503047ED3C3}"
EndProject
Project("{FAE04EC0-301F-11D3-BF4B-00C04F79EFBC}") = "1.Containers", "1.Containers\1.Containers.csproj", "{55895008-897F-4EFF-8D76-EEB722DE4AD3}"
EndProject
Project("{FAE04EC0-301F-11D3-BF4B-00C04F79EFBC}") = "2.CombatForm", "2.CombatForm\2.CombatForm.csproj", "{DB126BC3-A9D5-4659-986B-7EEFE7CCC246}"
EndProject
Project("{FAE04EC0-301F-11D3-BF4B-00C04F79EFBC}") = "3.Interfaces", "3.Interfaces\3.Interfaces.csproj", "{0FCFD3BC-1DF2-45B0-9041-774889122AAF}"
EndProject
Global
	GlobalSection(SolutionConfigurationPlatforms) = preSolution
		Debug|Any CPU = Debug|Any CPU
		Release|Any CPU = Release|Any CPU
	EndGlobalSection
	GlobalSection(ProjectConfigurationPlatforms) = postSolution
		{AAF18506-78F8-4F70-8F1A-F503047ED3C3}.Debug|Any CPU.ActiveCfg = Debug|Any CPU
		{AAF18506-78F8-4F70-8F1A-F503047ED3C3}.Debug|Any CPU.Build.0 = Debug|Any CPU
		{AAF18506-78F8-4F70-8F1A-F503047ED3C3}.Release|Any CPU.ActiveCfg = Release|Any CPU
		{AAF18506-78F8-4F70-8F1A-F503047ED3C3}.Release|Any CPU.Build.0 = Release|Any CPU
		{55895008-897F-4EFF-8D76-EEB722DE4AD3}.Debug|Any CPU.ActiveCfg = Debug|Any CPU
		{55895008-897F-4EFF-8D76-EEB722DE4AD3}.Debug|Any CPU.Build.0 = Debug|Any CPU
		{55895008-897F-4EFF-8D76-EEB722DE4AD3}.Release|Any CPU.ActiveCfg = Release|Any CPU
		{55895008-897F-4EFF-8D76-EEB722DE4AD3}.Release|Any CPU.Build.0 = Release|Any CPU
		{DB126BC3-A9D5-4659-986B-7EEFE7CCC246}.Debug|Any CPU.ActiveCfg = Debug|Any CPU
		{DB126BC3-A9D5-4659-986B-7EEFE7CCC246}.Debug|Any CPU.Build.0 = Debug|Any CPU
		{DB126BC3-A9D5-4659-986B-7EEFE7CCC246}.Release|Any CPU.ActiveCfg = Release|Any CPU
		{DB126BC3-A9D5-4659-986B-7EEFE7CCC246}.Release|Any CPU.Build.0 = Release|Any CPU
		{0FCFD3BC-1DF2-45B0-9041-774889122AAF}.Debug|Any CPU.ActiveCfg = Debug|Any CPU
		{0FCFD3BC-1DF2-45B0-9041-774889122AAF}.Debug|Any CPU.Build.0 = Debug|Any CPU
		{0FCFD3BC-1DF2-45B0-9041-774889122AAF}.Release|Any CPU.ActiveCfg = Release|Any CPU
		{0FCFD3BC-1DF2-45B0-9041-774889122AAF}.Release|Any CPU.Build.0 = Release|Any CPU
	EndGlobalSection
	GlobalSection(SolutionProperties) = preSolution
		HideSolutionNode = FALSE
	EndGlobalSection
EndGlobal
